
Microsoft Visual Studio Solution File, Format Version 12.00
# Visual Studio 14
VisualStudioVersion = 14.0.25420.1
MinimumVisualStudioVersion = 10.0.40219.1
Project("{FAE04EC0-301F-11D3-BF4B-00C04F79EFBC}") = "ApplausFeedback", "ApplausFeedback\ApplausFeedback.csproj", "{7FC906F8-BB96-490E-A869-DFE979DD182D}"
EndProject
Project("{FAE04EC0-301F-11D3-BF4B-00C04F79EFBC}") = "ApplausFeedbackService", "AplauseFeedbackService\ApplausFeedbackService.csproj", "{3C378790-BD02-490E-A7A4-B699B3A94D05}"
EndProject
Global
	GlobalSection(SolutionConfigurationPlatforms) = preSolution
		Debug|Any CPU = Debug|Any CPU
		Debug|ARM = Debug|ARM
		Debug|x64 = Debug|x64
		Debug|x86 = Debug|x86
		Release|Any CPU = Release|Any CPU
		Release|ARM = Release|ARM
		Release|x64 = Release|x64
		Release|x86 = Release|x86
	EndGlobalSection
	GlobalSection(ProjectConfigurationPlatforms) = postSolution
		{7FC906F8-BB96-490E-A869-DFE979DD182D}.Debug|Any CPU.ActiveCfg = Debug|x86
		{7FC906F8-BB96-490E-A869-DFE979DD182D}.Debug|ARM.ActiveCfg = Debug|ARM
		{7FC906F8-BB96-490E-A869-DFE979DD182D}.Debug|ARM.Build.0 = Debug|ARM
		{7FC906F8-BB96-490E-A869-DFE979DD182D}.Debug|ARM.Deploy.0 = Debug|ARM
		{7FC906F8-BB96-490E-A869-DFE979DD182D}.Debug|x64.ActiveCfg = Debug|x64
		{7FC906F8-BB96-490E-A869-DFE979DD182D}.Debug|x64.Build.0 = Debug|x64
		{7FC906F8-BB96-490E-A869-DFE979DD182D}.Debug|x64.Deploy.0 = Debug|x64
		{7FC906F8-BB96-490E-A869-DFE979DD182D}.Debug|x86.ActiveCfg = Debug|x86
		{7FC906F8-BB96-490E-A869-DFE979DD182D}.Debug|x86.Build.0 = Debug|x86
		{7FC906F8-BB96-490E-A869-DFE979DD182D}.Debug|x86.Deploy.0 = Debug|x86
		{7FC906F8-BB96-490E-A869-DFE979DD182D}.Release|Any CPU.ActiveCfg = Release|x86
		{7FC906F8-BB96-490E-A869-DFE979DD182D}.Release|ARM.ActiveCfg = Release|ARM
		{7FC906F8-BB96-490E-A869-DFE979DD182D}.Release|ARM.Build.0 = Release|ARM
		{7FC906F8-BB96-490E-A869-DFE979DD182D}.Release|ARM.Deploy.0 = Release|ARM
		{7FC906F8-BB96-490E-A869-DFE979DD182D}.Release|x64.ActiveCfg = Release|x64
		{7FC906F8-BB96-490E-A869-DFE979DD182D}.Release|x64.Build.0 = Release|x64
		{7FC906F8-BB96-490E-A869-DFE979DD182D}.Release|x64.Deploy.0 = Release|x64
		{7FC906F8-BB96-490E-A869-DFE979DD182D}.Release|x86.ActiveCfg = Release|x86
		{7FC906F8-BB96-490E-A869-DFE979DD182D}.Release|x86.Build.0 = Release|x86
		{7FC906F8-BB96-490E-A869-DFE979DD182D}.Release|x86.Deploy.0 = Release|x86
		{3C378790-BD02-490E-A7A4-B699B3A94D05}.Debug|Any CPU.ActiveCfg = Debug|Any CPU
		{3C378790-BD02-490E-A7A4-B699B3A94D05}.Debug|Any CPU.Build.0 = Debug|Any CPU
		{3C378790-BD02-490E-A7A4-B699B3A94D05}.Debug|ARM.ActiveCfg = Debug|ARM
		{3C378790-BD02-490E-A7A4-B699B3A94D05}.Debug|ARM.Build.0 = Debug|ARM
		{3C378790-BD02-490E-A7A4-B699B3A94D05}.Debug|x64.ActiveCfg = Debug|x64
		{3C378790-BD02-490E-A7A4-B699B3A94D05}.Debug|x64.Build.0 = Debug|x64
		{3C378790-BD02-490E-A7A4-B699B3A94D05}.Debug|x86.ActiveCfg = Debug|x86
		{3C378790-BD02-490E-A7A4-B699B3A94D05}.Debug|x86.Build.0 = Debug|x86
		{3C378790-BD02-490E-A7A4-B699B3A94D05}.Release|Any CPU.ActiveCfg = Release|Any CPU
		{3C378790-BD02-490E-A7A4-B699B3A94D05}.Release|Any CPU.Build.0 = Release|Any CPU
		{3C378790-BD02-490E-A7A4-B699B3A94D05}.Release|ARM.ActiveCfg = Release|ARM
		{3C378790-BD02-490E-A7A4-B699B3A94D05}.Release|ARM.Build.0 = Release|ARM
		{3C378790-BD02-490E-A7A4-B699B3A94D05}.Release|x64.ActiveCfg = Release|x64
		{3C378790-BD02-490E-A7A4-B699B3A94D05}.Release|x64.Build.0 = Release|x64
		{3C378790-BD02-490E-A7A4-B699B3A94D05}.Release|x86.ActiveCfg = Release|x86
		{3C378790-BD02-490E-A7A4-B699B3A94D05}.Release|x86.Build.0 = Release|x86
	EndGlobalSection
	GlobalSection(SolutionProperties) = preSolution
		HideSolutionNode = FALSE
	EndGlobalSection
EndGlobal
